// !$*UTF8*$!
{
	archiveVersion = 1;
	classes = {
	};
	objectVersion = 50;
	objects = {

/* Begin PBXBuildFile section */
		2327284D229E7D0000572D70 /* AppDelegate.swift in Sources */ = {isa = PBXBuildFile; fileRef = 2327284C229E7D0000572D70 /* AppDelegate.swift */; };
		2327284F229E7D0000572D70 /* ViewController.swift in Sources */ = {isa = PBXBuildFile; fileRef = 2327284E229E7D0000572D70 /* ViewController.swift */; };
		23272852229E7D0000572D70 /* Main.storyboard in Resources */ = {isa = PBXBuildFile; fileRef = 23272850229E7D0000572D70 /* Main.storyboard */; };
		23272854229E7D0300572D70 /* Assets.xcassets in Resources */ = {isa = PBXBuildFile; fileRef = 23272853229E7D0300572D70 /* Assets.xcassets */; };
		23272857229E7D0300572D70 /* LaunchScreen.storyboard in Resources */ = {isa = PBXBuildFile; fileRef = 23272855229E7D0300572D70 /* LaunchScreen.storyboard */; };
		2327286C229E855700572D70 /* HelloModule.m in Sources */ = {isa = PBXBuildFile; fileRef = 2327286B229E855700572D70 /* HelloModule.m */; };
		23272870229E874500572D70 /* BBModel.m in Sources */ = {isa = PBXBuildFile; fileRef = 2327286F229E874500572D70 /* BBModel.m */; };
		23272876229E8A7F00572D70 /* Account.m in Sources */ = {isa = PBXBuildFile; fileRef = 23272875229E8A7F00572D70 /* Account.m */; };
		23272882229E8EF700572D70 /* hcc.c in Sources */ = {isa = PBXBuildFile; fileRef = 23272881229E8EF700572D70 /* hcc.c */; };
/* End PBXBuildFile section */

/* Begin PBXCopyFilesBuildPhase section */
		23272863229E800600572D70 /* CopyFiles */ = {
			isa = PBXCopyFilesBuildPhase;
			buildActionMask = 2147483647;
			dstPath = "";
			dstSubfolderSpec = 16;
			files = (
			);
			runOnlyForDeploymentPostprocessing = 0;
		};
/* End PBXCopyFilesBuildPhase section */

/* Begin PBXFileReference section */
		23272849229E7D0000572D70 /* MacroDemo.app */ = {isa = PBXFileReference; explicitFileType = wrapper.application; includeInIndex = 0; path = MacroDemo.app; sourceTree = BUILT_PRODUCTS_DIR; };
		2327284C229E7D0000572D70 /* AppDelegate.swift */ = {isa = PBXFileReference; lastKnownFileType = sourcecode.swift; path = AppDelegate.swift; sourceTree = "<group>"; };
		2327284E229E7D0000572D70 /* ViewController.swift */ = {isa = PBXFileReference; lastKnownFileType = sourcecode.swift; path = ViewController.swift; sourceTree = "<group>"; };
		23272851229E7D0000572D70 /* Base */ = {isa = PBXFileReference; lastKnownFileType = file.storyboard; name = Base; path = Base.lproj/Main.storyboard; sourceTree = "<group>"; };
		23272853229E7D0300572D70 /* Assets.xcassets */ = {isa = PBXFileReference; lastKnownFileType = folder.assetcatalog; path = Assets.xcassets; sourceTree = "<group>"; };
		23272856229E7D0300572D70 /* Base */ = {isa = PBXFileReference; lastKnownFileType = file.storyboard; name = Base; path = Base.lproj/LaunchScreen.storyboard; sourceTree = "<group>"; };
		23272858229E7D0300572D70 /* Info.plist */ = {isa = PBXFileReference; lastKnownFileType = text.plist.xml; path = Info.plist; sourceTree = "<group>"; };
		23272869229E849200572D70 /* module.modulemap */ = {isa = PBXFileReference; lastKnownFileType = "sourcecode.module-map"; path = module.modulemap; sourceTree = "<group>"; };
		2327286A229E855700572D70 /* HelloModule.h */ = {isa = PBXFileReference; lastKnownFileType = sourcecode.c.h; path = HelloModule.h; sourceTree = "<group>"; };
		2327286B229E855700572D70 /* HelloModule.m */ = {isa = PBXFileReference; lastKnownFileType = sourcecode.c.objc; path = HelloModule.m; sourceTree = "<group>"; };
		2327286D229E871000572D70 /* Hello.h */ = {isa = PBXFileReference; lastKnownFileType = sourcecode.c.h; path = Hello.h; sourceTree = "<group>"; };
		2327286E229E874500572D70 /* BBModel.h */ = {isa = PBXFileReference; lastKnownFileType = sourcecode.c.h; path = BBModel.h; sourceTree = "<group>"; };
		2327286F229E874500572D70 /* BBModel.m */ = {isa = PBXFileReference; lastKnownFileType = sourcecode.c.objc; path = BBModel.m; sourceTree = "<group>"; };
		23272874229E8A7F00572D70 /* Account.h */ = {isa = PBXFileReference; lastKnownFileType = sourcecode.c.h; path = Account.h; sourceTree = "<group>"; };
		23272875229E8A7F00572D70 /* Account.m */ = {isa = PBXFileReference; lastKnownFileType = sourcecode.c.objc; path = Account.m; sourceTree = "<group>"; };
		2327287E229E8EC500572D70 /* module.map */ = {isa = PBXFileReference; lastKnownFileType = "sourcecode.module-map"; path = module.map; sourceTree = "<group>"; };
		2327287F229E8ED400572D70 /* hc.h */ = {isa = PBXFileReference; lastKnownFileType = sourcecode.c.h; path = hc.h; sourceTree = "<group>"; };
		23272880229E8EF700572D70 /* hcc.h */ = {isa = PBXFileReference; lastKnownFileType = sourcecode.c.h; path = hcc.h; sourceTree = "<group>"; };
		23272881229E8EF700572D70 /* hcc.c */ = {isa = PBXFileReference; lastKnownFileType = sourcecode.c.c; path = hcc.c; sourceTree = "<group>"; };
/* End PBXFileReference section */

/* Begin PBXFrameworksBuildPhase section */
		23272846229E7D0000572D70 /* Frameworks */ = {
			isa = PBXFrameworksBuildPhase;
			buildActionMask = 2147483647;
			files = (
			);
			runOnlyForDeploymentPostprocessing = 0;
		};
/* End PBXFrameworksBuildPhase section */

/* Begin PBXGroup section */
		23272840229E7D0000572D70 = {
			isa = PBXGroup;
			children = (
				2327284B229E7D0000572D70 /* MacroDemo */,
				2327284A229E7D0000572D70 /* Products */,
			);
			sourceTree = "<group>";
		};
		2327284A229E7D0000572D70 /* Products */ = {
			isa = PBXGroup;
			children = (
				23272849229E7D0000572D70 /* MacroDemo.app */,
			);
			name = Products;
			sourceTree = "<group>";
		};
		2327284B229E7D0000572D70 /* MacroDemo */ = {
			isa = PBXGroup;
			children = (
				2327287D229E8EB000572D70 /* HC */,
				23272865229E83E000572D70 /* Hello */,
				2327284C229E7D0000572D70 /* AppDelegate.swift */,
				2327284E229E7D0000572D70 /* ViewController.swift */,
				23272850229E7D0000572D70 /* Main.storyboard */,
				23272853229E7D0300572D70 /* Assets.xcassets */,
				23272855229E7D0300572D70 /* LaunchScreen.storyboard */,
				23272858229E7D0300572D70 /* Info.plist */,
				23272874229E8A7F00572D70 /* Account.h */,
				23272875229E8A7F00572D70 /* Account.m */,
			);
			path = MacroDemo;
			sourceTree = "<group>";
		};
		23272865229E83E000572D70 /* Hello */ = {
			isa = PBXGroup;
			children = (
				23272869229E849200572D70 /* module.modulemap */,
				2327286A229E855700572D70 /* HelloModule.h */,
				2327286B229E855700572D70 /* HelloModule.m */,
				2327286E229E874500572D70 /* BBModel.h */,
				2327286F229E874500572D70 /* BBModel.m */,
				2327286D229E871000572D70 /* Hello.h */,
			);
			path = Hello;
			sourceTree = "<group>";
		};
		2327287D229E8EB000572D70 /* HC */ = {
			isa = PBXGroup;
			children = (
				2327287E229E8EC500572D70 /* module.map */,
				2327287F229E8ED400572D70 /* hc.h */,
				23272880229E8EF700572D70 /* hcc.h */,
				23272881229E8EF700572D70 /* hcc.c */,
			);
			path = HC;
			sourceTree = "<group>";
		};
/* End PBXGroup section */

/* Begin PBXNativeTarget section */
		23272848229E7D0000572D70 /* MacroDemo */ = {
			isa = PBXNativeTarget;
			buildConfigurationList = 2327285B229E7D0300572D70 /* Build configuration list for PBXNativeTarget "MacroDemo" */;
			buildPhases = (
				23272845229E7D0000572D70 /* Sources */,
				23272846229E7D0000572D70 /* Frameworks */,
				23272847229E7D0000572D70 /* Resources */,
				23272863229E800600572D70 /* CopyFiles */,
			);
			buildRules = (
			);
			dependencies = (
			);
			name = MacroDemo;
			productName = MacroDemo;
			productReference = 23272849229E7D0000572D70 /* MacroDemo.app */;
			productType = "com.apple.product-type.application";
		};
/* End PBXNativeTarget section */

/* Begin PBXProject section */
		23272841229E7D0000572D70 /* Project object */ = {
			isa = PBXProject;
			attributes = {
				LastSwiftUpdateCheck = 1020;
				LastUpgradeCheck = 1020;
				ORGANIZATIONNAME = treee;
				TargetAttributes = {
					23272848229E7D0000572D70 = {
						CreatedOnToolsVersion = 10.2.1;
						LastSwiftMigration = 1020;
					};
				};
			};
			buildConfigurationList = 23272844229E7D0000572D70 /* Build configuration list for PBXProject "MacroDemo" */;
			compatibilityVersion = "Xcode 9.3";
			developmentRegion = en;
			hasScannedForEncodings = 0;
			knownRegions = (
				en,
				Base,
			);
			mainGroup = 23272840229E7D0000572D70;
			productRefGroup = 2327284A229E7D0000572D70 /* Products */;
			projectDirPath = "";
			projectRoot = "";
			targets = (
				23272848229E7D0000572D70 /* MacroDemo */,
			);
		};
/* End PBXProject section */

/* Begin PBXResourcesBuildPhase section */
		23272847229E7D0000572D70 /* Resources */ = {
			isa = PBXResourcesBuildPhase;
			buildActionMask = 2147483647;
			files = (
				23272857229E7D0300572D70 /* LaunchScreen.storyboard in Resources */,
				23272854229E7D0300572D70 /* Assets.xcassets in Resources */,
				23272852229E7D0000572D70 /* Main.storyboard in Resources */,
			);
			runOnlyForDeploymentPostprocessing = 0;
		};
/* End PBXResourcesBuildPhase section */

/* Begin PBXSourcesBuildPhase section */
		23272845229E7D0000572D70 /* Sources */ = {
			isa = PBXSourcesBuildPhase;
			buildActionMask = 2147483647;
			files = (
				23272882229E8EF700572D70 /* hcc.c in Sources */,
				2327284F229E7D0000572D70 /* ViewController.swift in Sources */,
				23272870229E874500572D70 /* BBModel.m in Sources */,
				2327286C229E855700572D70 /* HelloModule.m in Sources */,
				23272876229E8A7F00572D70 /* Account.m in Sources */,
				2327284D229E7D0000572D70 /* AppDelegate.swift in Sources */,
			);
			runOnlyForDeploymentPostprocessing = 0;
		};
/* End PBXSourcesBuildPhase section */

/* Begin PBXVariantGroup section */
		23272850229E7D0000572D70 /* Main.storyboard */ = {
			isa = PBXVariantGroup;
			children = (
				23272851229E7D0000572D70 /* Base */,
			);
			name = Main.storyboard;
			sourceTree = "<group>";
		};
		23272855229E7D0300572D70 /* LaunchScreen.storyboard */ = {
			isa = PBXVariantGroup;
			children = (
				23272856229E7D0300572D70 /* Base */,
			);
			name = LaunchScreen.storyboard;
			sourceTree = "<group>";
		};
/* End PBXVariantGroup section */

/* Begin XCBuildConfiguration section */
		23272859229E7D0300572D70 /* Debug */ = {
			isa = XCBuildConfiguration;
			buildSettings = {
				ALWAYS_SEARCH_USER_PATHS = NO;
				CLANG_ANALYZER_NONNULL = YES;
				CLANG_ANALYZER_NUMBER_OBJECT_CONVERSION = YES_AGGRESSIVE;
				CLANG_CXX_LANGUAGE_STANDARD = "gnu++14";
				CLANG_CXX_LIBRARY = "libc++";
				CLANG_ENABLE_MODULES = YES;
				CLANG_ENABLE_OBJC_ARC = YES;
				CLANG_ENABLE_OBJC_WEAK = YES;
				CLANG_WARN_BLOCK_CAPTURE_AUTORELEASING = YES;
				CLANG_WARN_BOOL_CONVERSION = YES;
				CLANG_WARN_COMMA = YES;
				CLANG_WARN_CONSTANT_CONVERSION = YES;
				CLANG_WARN_DEPRECATED_OBJC_IMPLEMENTATIONS = YES;
				CLANG_WARN_DIRECT_OBJC_ISA_USAGE = YES_ERROR;
				CLANG_WARN_DOCUMENTATION_COMMENTS = YES;
				CLANG_WARN_EMPTY_BODY = YES;
				CLANG_WARN_ENUM_CONVERSION = YES;
				CLANG_WARN_INFINITE_RECURSION = YES;
				CLANG_WARN_INT_CONVERSION = YES;
				CLANG_WARN_NON_LITERAL_NULL_CONVERSION = YES;
				CLANG_WARN_OBJC_IMPLICIT_RETAIN_SELF = YES;
				CLANG_WARN_OBJC_LITERAL_CONVERSION = YES;
				CLANG_WARN_OBJC_ROOT_CLASS = YES_ERROR;
				CLANG_WARN_RANGE_LOOP_ANALYSIS = YES;
				CLANG_WARN_STRICT_PROTOTYPES = YES;
				CLANG_WARN_SUSPICIOUS_MOVE = YES;
				CLANG_WARN_UNGUARDED_AVAILABILITY = YES_AGGRESSIVE;
				CLANG_WARN_UNREACHABLE_CODE = YES;
				CLANG_WARN__DUPLICATE_METHOD_MATCH = YES;
				CODE_SIGN_IDENTITY = "iPhone Developer";
				COPY_PHASE_STRIP = NO;
				DEBUG_INFORMATION_FORMAT = dwarf;
				ENABLE_STRICT_OBJC_MSGSEND = YES;
				ENABLE_TESTABILITY = YES;
				GCC_C_LANGUAGE_STANDARD = gnu11;
				GCC_DYNAMIC_NO_PIC = NO;
				GCC_NO_COMMON_BLOCKS = YES;
				GCC_OPTIMIZATION_LEVEL = 0;
				GCC_PREPROCESSOR_DEFINITIONS = (
					"DEBUG=1",
					"$(inherited)",
				);
				GCC_WARN_64_TO_32_BIT_CONVERSION = YES;
				GCC_WARN_ABOUT_RETURN_TYPE = YES_ERROR;
				GCC_WARN_UNDECLARED_SELECTOR = YES;
				GCC_WARN_UNINITIALIZED_AUTOS = YES_AGGRESSIVE;
				GCC_WARN_UNUSED_FUNCTION = YES;
				GCC_WARN_UNUSED_VARIABLE = YES;
				IPHONEOS_DEPLOYMENT_TARGET = 12.2;
				MTL_ENABLE_DEBUG_INFO = INCLUDE_SOURCE;
				MTL_FAST_MATH = YES;
				ONLY_ACTIVE_ARCH = YES;
				SDKROOT = iphoneos;
				SWIFT_ACTIVE_COMPILATION_CONDITIONS = DEBUG;
				SWIFT_OPTIMIZATION_LEVEL = "-Onone";
			};
			name = Debug;
		};
		2327285A229E7D0300572D70 /* Release */ = {
			isa = XCBuildConfiguration;
			buildSettings = {
				ALWAYS_SEARCH_USER_PATHS = NO;
				CLANG_ANALYZER_NONNULL = YES;
				CLANG_ANALYZER_NUMBER_OBJECT_CONVERSION = YES_AGGRESSIVE;
				CLANG_CXX_LANGUAGE_STANDARD = "gnu++14";
				CLANG_CXX_LIBRARY = "libc++";
				CLANG_ENABLE_MODULES = YES;
				CLANG_ENABLE_OBJC_ARC = YES;
				CLANG_ENABLE_OBJC_WEAK = YES;
				CLANG_WARN_BLOCK_CAPTURE_AUTORELEASING = YES;
				CLANG_WARN_BOOL_CONVERSION = YES;
				CLANG_WARN_COMMA = YES;
				CLANG_WARN_CONSTANT_CONVERSION = YES;
				CLANG_WARN_DEPRECATED_OBJC_IMPLEMENTATIONS = YES;
				CLANG_WARN_DIRECT_OBJC_ISA_USAGE = YES_ERROR;
				CLANG_WARN_DOCUMENTATION_COMMENTS = YES;
				CLANG_WARN_EMPTY_BODY = YES;
				CLANG_WARN_ENUM_CONVERSION = YES;
				CLANG_WARN_INFINITE_RECURSION = YES;
				CLANG_WARN_INT_CONVERSION = YES;
				CLANG_WARN_NON_LITERAL_NULL_CONVERSION = YES;
				CLANG_WARN_OBJC_IMPLICIT_RETAIN_SELF = YES;
				CLANG_WARN_OBJC_LITERAL_CONVERSION = YES;
				CLANG_WARN_OBJC_ROOT_CLASS = YES_ERROR;
				CLANG_WARN_RANGE_LOOP_ANALYSIS = YES;
				CLANG_WARN_STRICT_PROTOTYPES = YES;
				CLANG_WARN_SUSPICIOUS_MOVE = YES;
				CLANG_WARN_UNGUARDED_AVAILABILITY = YES_AGGRESSIVE;
				CLANG_WARN_UNREACHABLE_CODE = YES;
				CLANG_WARN__DUPLICATE_METHOD_MATCH = YES;
				CODE_SIGN_IDENTITY = "iPhone Developer";
				COPY_PHASE_STRIP = NO;
				DEBUG_INFORMATION_FORMAT = "dwarf-with-dsym";
				ENABLE_NS_ASSERTIONS = NO;
				ENABLE_STRICT_OBJC_MSGSEND = YES;
				GCC_C_LANGUAGE_STANDARD = gnu11;
				GCC_NO_COMMON_BLOCKS = YES;
				GCC_WARN_64_TO_32_BIT_CONVERSION = YES;
				GCC_WARN_ABOUT_RETURN_TYPE = YES_ERROR;
				GCC_WARN_UNDECLARED_SELECTOR = YES;
				GCC_WARN_UNINITIALIZED_AUTOS = YES_AGGRESSIVE;
				GCC_WARN_UNUSED_FUNCTION = YES;
				GCC_WARN_UNUSED_VARIABLE = YES;
				IPHONEOS_DEPLOYMENT_TARGET = 12.2;
				MTL_ENABLE_DEBUG_INFO = NO;
				MTL_FAST_MATH = YES;
				SDKROOT = iphoneos;
				SWIFT_COMPILATION_MODE = wholemodule;
				SWIFT_OPTIMIZATION_LEVEL = "-O";
				VALIDATE_PRODUCT = YES;
			};
			name = Release;
		};
		2327285C229E7D0300572D70 /* Debug */ = {
			isa = XCBuildConfiguration;
			buildSettings = {
				ASSETCATALOG_COMPILER_APPICON_NAME = AppIcon;
				CLANG_ENABLE_MODULES = YES;
				CODE_SIGN_STYLE = Automatic;
				DEFINES_MODULE = NO;
				DEVELOPMENT_TEAM = R8377LYS55;
				FRAMEWORK_SEARCH_PATHS = "";
				INFOPLIST_FILE = MacroDemo/Info.plist;
				LD_RUNPATH_SEARCH_PATHS = (
					"$(inherited)",
					"@executable_path/Frameworks",
				);
				MODULEMAP_FILE = "";
				PRODUCT_BUNDLE_IDENTIFIER = "com.treee.-.MacroDemo";
				PRODUCT_NAME = "$(TARGET_NAME)";
				SWIFT_INCLUDE_PATHS = "$(SRCROOT)/MacroDemo/Hello $(SRCROOT)/MacroDemo/HC";
				SWIFT_OPTIMIZATION_LEVEL = "-Onone";
				SWIFT_VERSION = 5.0;
				TARGETED_DEVICE_FAMILY = "1,2";
			};
			name = Debug;
		};
		2327285D229E7D0300572D70 /* Release */ = {
			isa = XCBuildConfiguration;
			buildSettings = {
				ASSETCATALOG_COMPILER_APPICON_NAME = AppIcon;
				CLANG_ENABLE_MODULES = YES;
				CODE_SIGN_STYLE = Automatic;
				DEFINES_MODULE = NO;
				DEVELOPMENT_TEAM = R8377LYS55;
				FRAMEWORK_SEARCH_PATHS = "";
				INFOPLIST_FILE = MacroDemo/Info.plist;
				LD_RUNPATH_SEARCH_PATHS = (
					"$(inherited)",
					"@executable_path/Frameworks",
				);
				MODULEMAP_FILE = "";
				PRODUCT_BUNDLE_IDENTIFIER = "com.treee.-.MacroDemo";
				PRODUCT_NAME = "$(TARGET_NAME)";
				SWIFT_INCLUDE_PATHS = "$(SRCROOT)/MacroDemo/Hello $(SRCROOT)/MacroDemo/HC";
				SWIFT_VERSION = 5.0;
				TARGETED_DEVICE_FAMILY = "1,2";
			};
			name = Release;
		};
/* End XCBuildConfiguration section */

/* Begin XCConfigurationList section */
		23272844229E7D0000572D70 /* Build configuration list for PBXProject "MacroDemo" */ = {
			isa = XCConfigurationList;
			buildConfigurations = (
				23272859229E7D0300572D70 /* Debug */,
				2327285A229E7D0300572D70 /* Release */,
			);
			defaultConfigurationIsVisible = 0;
			defaultConfigurationName = Release;
		};
		2327285B229E7D0300572D70 /* Build configuration list for PBXNativeTarget "MacroDemo" */ = {
			isa = XCConfigurationList;
			buildConfigurations = (
				2327285C229E7D0300572D70 /* Debug */,
				2327285D229E7D0300572D70 /* Release */,
			);
			defaultConfigurationIsVisible = 0;
			defaultConfigurationName = Release;
		};
/* End XCConfigurationList section */
	};
	rootObject = 23272841229E7D0000572D70 /* Project object */;
}
