// !$*UTF8*$!
{
	archiveVersion = 1;
	classes = {
	};
	objectVersion = 48;
	objects = {

/* Begin PBXBuildFile section */
		2392122520B29903004D1860 /* AppDelegate.swift in Sources */ = {isa = PBXBuildFile; fileRef = 2392122420B29903004D1860 /* AppDelegate.swift */; };
		2392122720B29903004D1860 /* ViewController.swift in Sources */ = {isa = PBXBuildFile; fileRef = 2392122620B29903004D1860 /* ViewController.swift */; };
		2392122A20B29903004D1860 /* Main.storyboard in Resources */ = {isa = PBXBuildFile; fileRef = 2392122820B29903004D1860 /* Main.storyboard */; };
		2392122C20B29903004D1860 /* Assets.xcassets in Resources */ = {isa = PBXBuildFile; fileRef = 2392122B20B29903004D1860 /* Assets.xcassets */; };
		2392122F20B29903004D1860 /* LaunchScreen.storyboard in Resources */ = {isa = PBXBuildFile; fileRef = 2392122D20B29903004D1860 /* LaunchScreen.storyboard */; };
		2392123820B29985004D1860 /* SXRViewController.swift in Sources */ = {isa = PBXBuildFile; fileRef = 2392123720B29985004D1860 /* SXRViewController.swift */; };
		2392123A20B2A172004D1860 /* SXRURLProtocol.swift in Sources */ = {isa = PBXBuildFile; fileRef = 2392123920B2A172004D1860 /* SXRURLProtocol.swift */; };
		2392123D20B2A1CC004D1860 /* SxrURLResponse.swift in Sources */ = {isa = PBXBuildFile; fileRef = 2392123C20B2A1CC004D1860 /* SxrURLResponse.swift */; };
		2392124420B2B682004D1860 /* SxrRouteFileCache.swift in Sources */ = {isa = PBXBuildFile; fileRef = 2392124320B2B682004D1860 /* SxrRouteFileCache.swift */; };
/* End PBXBuildFile section */

/* Begin PBXFileReference section */
		2392122120B29903004D1860 /* locolReact.app */ = {isa = PBXFileReference; explicitFileType = wrapper.application; includeInIndex = 0; path = locolReact.app; sourceTree = BUILT_PRODUCTS_DIR; };
		2392122420B29903004D1860 /* AppDelegate.swift */ = {isa = PBXFileReference; lastKnownFileType = sourcecode.swift; path = AppDelegate.swift; sourceTree = "<group>"; };
		2392122620B29903004D1860 /* ViewController.swift */ = {isa = PBXFileReference; lastKnownFileType = sourcecode.swift; path = ViewController.swift; sourceTree = "<group>"; };
		2392122920B29903004D1860 /* Base */ = {isa = PBXFileReference; lastKnownFileType = file.storyboard; name = Base; path = Base.lproj/Main.storyboard; sourceTree = "<group>"; };
		2392122B20B29903004D1860 /* Assets.xcassets */ = {isa = PBXFileReference; lastKnownFileType = folder.assetcatalog; path = Assets.xcassets; sourceTree = "<group>"; };
		2392122E20B29903004D1860 /* Base */ = {isa = PBXFileReference; lastKnownFileType = file.storyboard; name = Base; path = Base.lproj/LaunchScreen.storyboard; sourceTree = "<group>"; };
		2392123020B29903004D1860 /* Info.plist */ = {isa = PBXFileReference; lastKnownFileType = text.plist.xml; path = Info.plist; sourceTree = "<group>"; };
		2392123720B29985004D1860 /* SXRViewController.swift */ = {isa = PBXFileReference; lastKnownFileType = sourcecode.swift; path = SXRViewController.swift; sourceTree = "<group>"; };
		2392123920B2A172004D1860 /* SXRURLProtocol.swift */ = {isa = PBXFileReference; lastKnownFileType = sourcecode.swift; path = SXRURLProtocol.swift; sourceTree = "<group>"; };
		2392123C20B2A1CC004D1860 /* SxrURLResponse.swift */ = {isa = PBXFileReference; lastKnownFileType = sourcecode.swift; path = SxrURLResponse.swift; sourceTree = "<group>"; };
		2392124320B2B682004D1860 /* SxrRouteFileCache.swift */ = {isa = PBXFileReference; fileEncoding = 4; lastKnownFileType = sourcecode.swift; path = SxrRouteFileCache.swift; sourceTree = "<group>"; };
/* End PBXFileReference section */

/* Begin PBXFrameworksBuildPhase section */
		2392121E20B29903004D1860 /* Frameworks */ = {
			isa = PBXFrameworksBuildPhase;
			buildActionMask = 2147483647;
			files = (
			);
			runOnlyForDeploymentPostprocessing = 0;
		};
/* End PBXFrameworksBuildPhase section */

/* Begin PBXGroup section */
		2392121820B29903004D1860 = {
			isa = PBXGroup;
			children = (
				2392122320B29903004D1860 /* locolReact */,
				2392122220B29903004D1860 /* Products */,
			);
			sourceTree = "<group>";
		};
		2392122220B29903004D1860 /* Products */ = {
			isa = PBXGroup;
			children = (
				2392122120B29903004D1860 /* locolReact.app */,
			);
			name = Products;
			sourceTree = "<group>";
		};
		2392122320B29903004D1860 /* locolReact */ = {
			isa = PBXGroup;
			children = (
				2392124220B2B682004D1860 /* SxrFileCache */,
				2392123B20B2A1C1004D1860 /* Extens */,
				2392123620B2995E004D1860 /* Foo */,
				2392122420B29903004D1860 /* AppDelegate.swift */,
				2392122620B29903004D1860 /* ViewController.swift */,
				2392122820B29903004D1860 /* Main.storyboard */,
				2392122B20B29903004D1860 /* Assets.xcassets */,
				2392122D20B29903004D1860 /* LaunchScreen.storyboard */,
				2392123020B29903004D1860 /* Info.plist */,
			);
			path = locolReact;
			sourceTree = "<group>";
		};
		2392123620B2995E004D1860 /* Foo */ = {
			isa = PBXGroup;
			children = (
				2392123720B29985004D1860 /* SXRViewController.swift */,
				2392123920B2A172004D1860 /* SXRURLProtocol.swift */,
			);
			path = Foo;
			sourceTree = "<group>";
		};
		2392123B20B2A1C1004D1860 /* Extens */ = {
			isa = PBXGroup;
			children = (
				2392123C20B2A1CC004D1860 /* SxrURLResponse.swift */,
			);
			path = Extens;
			sourceTree = "<group>";
		};
		2392124220B2B682004D1860 /* SxrFileCache */ = {
			isa = PBXGroup;
			children = (
				2392124320B2B682004D1860 /* SxrRouteFileCache.swift */,
			);
			name = SxrFileCache;
			path = "../../网络缓存/网络缓存/SxrFileCache";
			sourceTree = "<group>";
		};
/* End PBXGroup section */

/* Begin PBXNativeTarget section */
		2392122020B29903004D1860 /* locolReact */ = {
			isa = PBXNativeTarget;
			buildConfigurationList = 2392123320B29903004D1860 /* Build configuration list for PBXNativeTarget "locolReact" */;
			buildPhases = (
				2392121D20B29903004D1860 /* Sources */,
				2392121E20B29903004D1860 /* Frameworks */,
				2392121F20B29903004D1860 /* Resources */,
			);
			buildRules = (
			);
			dependencies = (
			);
			name = locolReact;
			productName = locolReact;
			productReference = 2392122120B29903004D1860 /* locolReact.app */;
			productType = "com.apple.product-type.application";
		};
/* End PBXNativeTarget section */

/* Begin PBXProject section */
		2392121920B29903004D1860 /* Project object */ = {
			isa = PBXProject;
			attributes = {
				LastSwiftUpdateCheck = 0920;
				LastUpgradeCheck = 0920;
				ORGANIZATIONNAME = treee;
				TargetAttributes = {
					2392122020B29903004D1860 = {
						CreatedOnToolsVersion = 9.2;
						ProvisioningStyle = Automatic;
					};
				};
			};
			buildConfigurationList = 2392121C20B29903004D1860 /* Build configuration list for PBXProject "locolReact" */;
			compatibilityVersion = "Xcode 8.0";
			developmentRegion = en;
			hasScannedForEncodings = 0;
			knownRegions = (
				en,
				Base,
			);
			mainGroup = 2392121820B29903004D1860;
			productRefGroup = 2392122220B29903004D1860 /* Products */;
			projectDirPath = "";
			projectRoot = "";
			targets = (
				2392122020B29903004D1860 /* locolReact */,
			);
		};
/* End PBXProject section */

/* Begin PBXResourcesBuildPhase section */
		2392121F20B29903004D1860 /* Resources */ = {
			isa = PBXResourcesBuildPhase;
			buildActionMask = 2147483647;
			files = (
				2392122F20B29903004D1860 /* LaunchScreen.storyboard in Resources */,
				2392122C20B29903004D1860 /* Assets.xcassets in Resources */,
				2392122A20B29903004D1860 /* Main.storyboard in Resources */,
			);
			runOnlyForDeploymentPostprocessing = 0;
		};
/* End PBXResourcesBuildPhase section */

/* Begin PBXSourcesBuildPhase section */
		2392121D20B29903004D1860 /* Sources */ = {
			isa = PBXSourcesBuildPhase;
			buildActionMask = 2147483647;
			files = (
				2392122720B29903004D1860 /* ViewController.swift in Sources */,
				2392123A20B2A172004D1860 /* SXRURLProtocol.swift in Sources */,
				2392122520B29903004D1860 /* AppDelegate.swift in Sources */,
				2392123820B29985004D1860 /* SXRViewController.swift in Sources */,
				2392124420B2B682004D1860 /* SxrRouteFileCache.swift in Sources */,
				2392123D20B2A1CC004D1860 /* SxrURLResponse.swift in Sources */,
			);
			runOnlyForDeploymentPostprocessing = 0;
		};
/* End PBXSourcesBuildPhase section */

/* Begin PBXVariantGroup section */
		2392122820B29903004D1860 /* Main.storyboard */ = {
			isa = PBXVariantGroup;
			children = (
				2392122920B29903004D1860 /* Base */,
			);
			name = Main.storyboard;
			sourceTree = "<group>";
		};
		2392122D20B29903004D1860 /* LaunchScreen.storyboard */ = {
			isa = PBXVariantGroup;
			children = (
				2392122E20B29903004D1860 /* Base */,
			);
			name = LaunchScreen.storyboard;
			sourceTree = "<group>";
		};
/* End PBXVariantGroup section */

/* Begin XCBuildConfiguration section */
		2392123120B29903004D1860 /* Debug */ = {
			isa = XCBuildConfiguration;
			buildSettings = {
				ALWAYS_SEARCH_USER_PATHS = NO;
				CLANG_ANALYZER_NONNULL = YES;
				CLANG_ANALYZER_NUMBER_OBJECT_CONVERSION = YES_AGGRESSIVE;
				CLANG_CXX_LANGUAGE_STANDARD = "gnu++14";
				CLANG_CXX_LIBRARY = "libc++";
				CLANG_ENABLE_MODULES = YES;
				CLANG_ENABLE_OBJC_ARC = YES;
				CLANG_WARN_BLOCK_CAPTURE_AUTORELEASING = YES;
				CLANG_WARN_BOOL_CONVERSION = YES;
				CLANG_WARN_COMMA = YES;
				CLANG_WARN_CONSTANT_CONVERSION = YES;
				CLANG_WARN_DIRECT_OBJC_ISA_USAGE = YES_ERROR;
				CLANG_WARN_DOCUMENTATION_COMMENTS = YES;
				CLANG_WARN_EMPTY_BODY = YES;
				CLANG_WARN_ENUM_CONVERSION = YES;
				CLANG_WARN_INFINITE_RECURSION = YES;
				CLANG_WARN_INT_CONVERSION = YES;
				CLANG_WARN_NON_LITERAL_NULL_CONVERSION = YES;
				CLANG_WARN_OBJC_LITERAL_CONVERSION = YES;
				CLANG_WARN_OBJC_ROOT_CLASS = YES_ERROR;
				CLANG_WARN_RANGE_LOOP_ANALYSIS = YES;
				CLANG_WARN_STRICT_PROTOTYPES = YES;
				CLANG_WARN_SUSPICIOUS_MOVE = YES;
				CLANG_WARN_UNGUARDED_AVAILABILITY = YES_AGGRESSIVE;
				CLANG_WARN_UNREACHABLE_CODE = YES;
				CLANG_WARN__DUPLICATE_METHOD_MATCH = YES;
				CODE_SIGN_IDENTITY = "iPhone Developer";
				COPY_PHASE_STRIP = NO;
				DEBUG_INFORMATION_FORMAT = dwarf;
				ENABLE_STRICT_OBJC_MSGSEND = YES;
				ENABLE_TESTABILITY = YES;
				GCC_C_LANGUAGE_STANDARD = gnu11;
				GCC_DYNAMIC_NO_PIC = NO;
				GCC_NO_COMMON_BLOCKS = YES;
				GCC_OPTIMIZATION_LEVEL = 0;
				GCC_PREPROCESSOR_DEFINITIONS = (
					"DEBUG=1",
					"$(inherited)",
				);
				GCC_WARN_64_TO_32_BIT_CONVERSION = YES;
				GCC_WARN_ABOUT_RETURN_TYPE = YES_ERROR;
				GCC_WARN_UNDECLARED_SELECTOR = YES;
				GCC_WARN_UNINITIALIZED_AUTOS = YES_AGGRESSIVE;
				GCC_WARN_UNUSED_FUNCTION = YES;
				GCC_WARN_UNUSED_VARIABLE = YES;
				IPHONEOS_DEPLOYMENT_TARGET = 11.2;
				MTL_ENABLE_DEBUG_INFO = YES;
				ONLY_ACTIVE_ARCH = YES;
				SDKROOT = iphoneos;
				SWIFT_ACTIVE_COMPILATION_CONDITIONS = DEBUG;
				SWIFT_OPTIMIZATION_LEVEL = "-Onone";
			};
			name = Debug;
		};
		2392123220B29903004D1860 /* Release */ = {
			isa = XCBuildConfiguration;
			buildSettings = {
				ALWAYS_SEARCH_USER_PATHS = NO;
				CLANG_ANALYZER_NONNULL = YES;
				CLANG_ANALYZER_NUMBER_OBJECT_CONVERSION = YES_AGGRESSIVE;
				CLANG_CXX_LANGUAGE_STANDARD = "gnu++14";
				CLANG_CXX_LIBRARY = "libc++";
				CLANG_ENABLE_MODULES = YES;
				CLANG_ENABLE_OBJC_ARC = YES;
				CLANG_WARN_BLOCK_CAPTURE_AUTORELEASING = YES;
				CLANG_WARN_BOOL_CONVERSION = YES;
				CLANG_WARN_COMMA = YES;
				CLANG_WARN_CONSTANT_CONVERSION = YES;
				CLANG_WARN_DIRECT_OBJC_ISA_USAGE = YES_ERROR;
				CLANG_WARN_DOCUMENTATION_COMMENTS = YES;
				CLANG_WARN_EMPTY_BODY = YES;
				CLANG_WARN_ENUM_CONVERSION = YES;
				CLANG_WARN_INFINITE_RECURSION = YES;
				CLANG_WARN_INT_CONVERSION = YES;
				CLANG_WARN_NON_LITERAL_NULL_CONVERSION = YES;
				CLANG_WARN_OBJC_LITERAL_CONVERSION = YES;
				CLANG_WARN_OBJC_ROOT_CLASS = YES_ERROR;
				CLANG_WARN_RANGE_LOOP_ANALYSIS = YES;
				CLANG_WARN_STRICT_PROTOTYPES = YES;
				CLANG_WARN_SUSPICIOUS_MOVE = YES;
				CLANG_WARN_UNGUARDED_AVAILABILITY = YES_AGGRESSIVE;
				CLANG_WARN_UNREACHABLE_CODE = YES;
				CLANG_WARN__DUPLICATE_METHOD_MATCH = YES;
				CODE_SIGN_IDENTITY = "iPhone Developer";
				COPY_PHASE_STRIP = NO;
				DEBUG_INFORMATION_FORMAT = "dwarf-with-dsym";
				ENABLE_NS_ASSERTIONS = NO;
				ENABLE_STRICT_OBJC_MSGSEND = YES;
				GCC_C_LANGUAGE_STANDARD = gnu11;
				GCC_NO_COMMON_BLOCKS = YES;
				GCC_WARN_64_TO_32_BIT_CONVERSION = YES;
				GCC_WARN_ABOUT_RETURN_TYPE = YES_ERROR;
				GCC_WARN_UNDECLARED_SELECTOR = YES;
				GCC_WARN_UNINITIALIZED_AUTOS = YES_AGGRESSIVE;
				GCC_WARN_UNUSED_FUNCTION = YES;
				GCC_WARN_UNUSED_VARIABLE = YES;
				IPHONEOS_DEPLOYMENT_TARGET = 11.2;
				MTL_ENABLE_DEBUG_INFO = NO;
				SDKROOT = iphoneos;
				SWIFT_OPTIMIZATION_LEVEL = "-Owholemodule";
				VALIDATE_PRODUCT = YES;
			};
			name = Release;
		};
		2392123420B29903004D1860 /* Debug */ = {
			isa = XCBuildConfiguration;
			buildSettings = {
				ASSETCATALOG_COMPILER_APPICON_NAME = AppIcon;
				CODE_SIGN_STYLE = Automatic;
				DEVELOPMENT_TEAM = 6JD5ZBUHA3;
				INFOPLIST_FILE = locolReact/Info.plist;
				LD_RUNPATH_SEARCH_PATHS = "$(inherited) @executable_path/Frameworks";
				PRODUCT_BUNDLE_IDENTIFIER = com.tree.locolReact;
				PRODUCT_NAME = "$(TARGET_NAME)";
				SWIFT_VERSION = 4.0;
				TARGETED_DEVICE_FAMILY = "1,2";
			};
			name = Debug;
		};
		2392123520B29903004D1860 /* Release */ = {
			isa = XCBuildConfiguration;
			buildSettings = {
				ASSETCATALOG_COMPILER_APPICON_NAME = AppIcon;
				CODE_SIGN_STYLE = Automatic;
				DEVELOPMENT_TEAM = 6JD5ZBUHA3;
				INFOPLIST_FILE = locolReact/Info.plist;
				LD_RUNPATH_SEARCH_PATHS = "$(inherited) @executable_path/Frameworks";
				PRODUCT_BUNDLE_IDENTIFIER = com.tree.locolReact;
				PRODUCT_NAME = "$(TARGET_NAME)";
				SWIFT_VERSION = 4.0;
				TARGETED_DEVICE_FAMILY = "1,2";
			};
			name = Release;
		};
/* End XCBuildConfiguration section */

/* Begin XCConfigurationList section */
		2392121C20B29903004D1860 /* Build configuration list for PBXProject "locolReact" */ = {
			isa = XCConfigurationList;
			buildConfigurations = (
				2392123120B29903004D1860 /* Debug */,
				2392123220B29903004D1860 /* Release */,
			);
			defaultConfigurationIsVisible = 0;
			defaultConfigurationName = Release;
		};
		2392123320B29903004D1860 /* Build configuration list for PBXNativeTarget "locolReact" */ = {
			isa = XCConfigurationList;
			buildConfigurations = (
				2392123420B29903004D1860 /* Debug */,
				2392123520B29903004D1860 /* Release */,
			);
			defaultConfigurationIsVisible = 0;
			defaultConfigurationName = Release;
		};
/* End XCConfigurationList section */
	};
	rootObject = 2392121920B29903004D1860 /* Project object */;
}
